{
  "version": 4,
  "terraform_version": "1.9.8",
  "serial": 5,
  "lineage": "5b094c2f-ee0d-487c-e5c1-a4df64798ee2",
  "outputs": {},
  "resources": [
    {
      "mode": "data",
      "type": "atlas_schema",
      "name": "myapp",
      "provider": "provider[\"registry.terraform.io/ariga/atlas\"]",
      "instances": [
        {
          "schema_version": 0,
          "attributes": {
            "dev_url": "sqlite3://my-tf-dev.db",
            "hcl": "table \"users\" {\n  schema = schema.main\n  column \"id\" {\n    null = true\n    type = integer\n  }\n  column \"name\" {\n    null = true\n    type = varchar(255)\n  }\n  column \"bio\" {\n    null = true\n    type = text\n  }\n  primary_key {\n    columns = [column.id]\n  }\n}\nschema \"main\" {\n}\n",
            "id": "YIGEkS7Xyvrv+GhV0vkPRA",
            "src": "file://./schema.sql",
            "variables": null
          },
          "sensitive_attributes": [
            [
              {
                "type": "get_attr",
                "value": "dev_url"
              }
            ]
          ]
        }
      ]
    },
    {
      "mode": "managed",
      "type": "atlas_schema",
      "name": "myapp",
      "provider": "provider[\"registry.terraform.io/ariga/atlas\"]",
      "instances": [
        {
          "schema_version": 0,
          "attributes": {
            "dev_url": null,
            "diff": null,
            "exclude": null,
            "hcl": "table \"users\" {\n  schema = schema.main\n  column \"id\" {\n    null = true\n    type = integer\n  }\n  column \"name\" {\n    null = true\n    type = varchar(255)\n  }\n  column \"bio\" {\n    null = true\n    type = text\n  }\n  primary_key {\n    columns = [column.id]\n  }\n}\nschema \"main\" {\n}\n",
            "id": "sqlite3://my-tf.db",
            "tx_mode": null,
            "url": "sqlite3://my-tf.db"
          },
          "sensitive_attributes": [
            [
              {
                "type": "get_attr",
                "value": "url"
              }
            ],
            [
              {
                "type": "get_attr",
                "value": "dev_url"
              }
            ]
          ],
          "dependencies": [
            "data.atlas_schema.myapp"
          ]
        }
      ]
    }
  ],
  "check_results": null
}
